
Microsoft Visual Studio Solution File, Format Version 12.00
# Visual Studio 15
VisualStudioVersion = 15.0.28010.2041
MinimumVisualStudioVersion = 10.0.40219.1
Project("{FAE04EC0-301F-11D3-BF4B-00C04F79EFBC}") = "SudokuSolver", "SudokuSolver\SudokuSolver.csproj", "{A15D27A3-5AAD-4EDF-BD82-FDB680696D25}"
EndProject
Project("{FAE04EC0-301F-11D3-BF4B-00C04F79EFBC}") = "SudokuSolverTests", "SudokuSolverTests\SudokuSolverTests.csproj", "{4E5B6F1C-A579-4889-A0B5-4A8B0238DA15}"
EndProject
Global
	GlobalSection(SolutionConfigurationPlatforms) = preSolution
		Debug|Any CPU = Debug|Any CPU
		Release|Any CPU = Release|Any CPU
	EndGlobalSection
	GlobalSection(ProjectConfigurationPlatforms) = postSolution
		{A15D27A3-5AAD-4EDF-BD82-FDB680696D25}.Debug|Any CPU.ActiveCfg = Debug|Any CPU
		{A15D27A3-5AAD-4EDF-BD82-FDB680696D25}.Debug|Any CPU.Build.0 = Debug|Any CPU
		{A15D27A3-5AAD-4EDF-BD82-FDB680696D25}.Release|Any CPU.ActiveCfg = Release|Any CPU
		{A15D27A3-5AAD-4EDF-BD82-FDB680696D25}.Release|Any CPU.Build.0 = Release|Any CPU
		{4E5B6F1C-A579-4889-A0B5-4A8B0238DA15}.Debug|Any CPU.ActiveCfg = Debug|Any CPU
		{4E5B6F1C-A579-4889-A0B5-4A8B0238DA15}.Debug|Any CPU.Build.0 = Debug|Any CPU
		{4E5B6F1C-A579-4889-A0B5-4A8B0238DA15}.Release|Any CPU.ActiveCfg = Release|Any CPU
		{4E5B6F1C-A579-4889-A0B5-4A8B0238DA15}.Release|Any CPU.Build.0 = Release|Any CPU
	EndGlobalSection
	GlobalSection(SolutionProperties) = preSolution
		HideSolutionNode = FALSE
	EndGlobalSection
	GlobalSection(ExtensibilityGlobals) = postSolution
		SolutionGuid = {10E0EFB3-CA26-4855-9801-6DE00A045AB1}
	EndGlobalSection
EndGlobal
